// !$*UTF8*$!
{
	archiveVersion = 1;
	classes = {
	};
	objectVersion = 50;
	objects = {

/* Begin PBXBuildFile section */
		353ADB20265D89EF0035C7DC /* AppDelegate.swift in Sources */ = {isa = PBXBuildFile; fileRef = 353ADB1F265D89EF0035C7DC /* AppDelegate.swift */; };
		353ADB22265D89EF0035C7DC /* SceneDelegate.swift in Sources */ = {isa = PBXBuildFile; fileRef = 353ADB21265D89EF0035C7DC /* SceneDelegate.swift */; };
		353ADB24265D89EF0035C7DC /* CommentsViewController.swift in Sources */ = {isa = PBXBuildFile; fileRef = 353ADB23265D89EF0035C7DC /* CommentsViewController.swift */; };
		353ADB27265D89EF0035C7DC /* Main.storyboard in Resources */ = {isa = PBXBuildFile; fileRef = 353ADB25265D89EF0035C7DC /* Main.storyboard */; };
		353ADB29265D89F50035C7DC /* Assets.xcassets in Resources */ = {isa = PBXBuildFile; fileRef = 353ADB28265D89F50035C7DC /* Assets.xcassets */; };
		353ADB2C265D89F50035C7DC /* LaunchScreen.storyboard in Resources */ = {isa = PBXBuildFile; fileRef = 353ADB2A265D89F50035C7DC /* LaunchScreen.storyboard */; };
		353ADB3D265EAF660035C7DC /* CommentCell.swift in Sources */ = {isa = PBXBuildFile; fileRef = 353ADB3C265EAF660035C7DC /* CommentCell.swift */; };
		353ADB3F265EB3540035C7DC /* Comment.swift in Sources */ = {isa = PBXBuildFile; fileRef = 353ADB3E265EB3540035C7DC /* Comment.swift */; };
		353ADB42265EB6640035C7DC /* NetworkService.swift in Sources */ = {isa = PBXBuildFile; fileRef = 353ADB41265EB6640035C7DC /* NetworkService.swift */; };
		353ADB45265EBBD40035C7DC /* CommentNetworkService.swift in Sources */ = {isa = PBXBuildFile; fileRef = 353ADB44265EBBD30035C7DC /* CommentNetworkService.swift */; };
		353ADB47265EBCAF0035C7DC /* GetCommentResponse.swift in Sources */ = {isa = PBXBuildFile; fileRef = 353ADB46265EBCAF0035C7DC /* GetCommentResponse.swift */; };
		353ADB4A265EBD8E0035C7DC /* NetworkError.swift in Sources */ = {isa = PBXBuildFile; fileRef = 353ADB49265EBD8E0035C7DC /* NetworkError.swift */; };
/* End PBXBuildFile section */

/* Begin PBXFileReference section */
		353ADB1C265D89EF0035C7DC /* MVC-N.app */ = {isa = PBXFileReference; explicitFileType = wrapper.application; includeInIndex = 0; path = "MVC-N.app"; sourceTree = BUILT_PRODUCTS_DIR; };
		353ADB1F265D89EF0035C7DC /* AppDelegate.swift */ = {isa = PBXFileReference; lastKnownFileType = sourcecode.swift; path = AppDelegate.swift; sourceTree = "<group>"; };
		353ADB21265D89EF0035C7DC /* SceneDelegate.swift */ = {isa = PBXFileReference; lastKnownFileType = sourcecode.swift; path = SceneDelegate.swift; sourceTree = "<group>"; };
		353ADB23265D89EF0035C7DC /* CommentsViewController.swift */ = {isa = PBXFileReference; lastKnownFileType = sourcecode.swift; path = CommentsViewController.swift; sourceTree = "<group>"; };
		353ADB26265D89EF0035C7DC /* Base */ = {isa = PBXFileReference; lastKnownFileType = file.storyboard; name = Base; path = Base.lproj/Main.storyboard; sourceTree = "<group>"; };
		353ADB28265D89F50035C7DC /* Assets.xcassets */ = {isa = PBXFileReference; lastKnownFileType = folder.assetcatalog; path = Assets.xcassets; sourceTree = "<group>"; };
		353ADB2B265D89F50035C7DC /* Base */ = {isa = PBXFileReference; lastKnownFileType = file.storyboard; name = Base; path = Base.lproj/LaunchScreen.storyboard; sourceTree = "<group>"; };
		353ADB2D265D89F50035C7DC /* Info.plist */ = {isa = PBXFileReference; lastKnownFileType = text.plist.xml; path = Info.plist; sourceTree = "<group>"; };
		353ADB3C265EAF660035C7DC /* CommentCell.swift */ = {isa = PBXFileReference; lastKnownFileType = sourcecode.swift; path = CommentCell.swift; sourceTree = "<group>"; };
		353ADB3E265EB3540035C7DC /* Comment.swift */ = {isa = PBXFileReference; lastKnownFileType = sourcecode.swift; path = Comment.swift; sourceTree = "<group>"; };
		353ADB41265EB6640035C7DC /* NetworkService.swift */ = {isa = PBXFileReference; lastKnownFileType = sourcecode.swift; path = NetworkService.swift; sourceTree = "<group>"; };
		353ADB44265EBBD30035C7DC /* CommentNetworkService.swift */ = {isa = PBXFileReference; lastKnownFileType = sourcecode.swift; path = CommentNetworkService.swift; sourceTree = "<group>"; };
		353ADB46265EBCAF0035C7DC /* GetCommentResponse.swift */ = {isa = PBXFileReference; lastKnownFileType = sourcecode.swift; path = GetCommentResponse.swift; sourceTree = "<group>"; };
		353ADB49265EBD8E0035C7DC /* NetworkError.swift */ = {isa = PBXFileReference; lastKnownFileType = sourcecode.swift; path = NetworkError.swift; sourceTree = "<group>"; };
/* End PBXFileReference section */

/* Begin PBXFrameworksBuildPhase section */
		353ADB19265D89EF0035C7DC /* Frameworks */ = {
			isa = PBXFrameworksBuildPhase;
			buildActionMask = 2147483647;
			files = (
			);
			runOnlyForDeploymentPostprocessing = 0;
		};
/* End PBXFrameworksBuildPhase section */

/* Begin PBXGroup section */
		353ADB13265D89EE0035C7DC = {
			isa = PBXGroup;
			children = (
				353ADB1E265D89EF0035C7DC /* MVC-N */,
				353ADB1D265D89EF0035C7DC /* Products */,
			);
			sourceTree = "<group>";
		};
		353ADB1D265D89EF0035C7DC /* Products */ = {
			isa = PBXGroup;
			children = (
				353ADB1C265D89EF0035C7DC /* MVC-N.app */,
			);
			name = Products;
			sourceTree = "<group>";
		};
		353ADB1E265D89EF0035C7DC /* MVC-N */ = {
			isa = PBXGroup;
			children = (
				353ADB36265D8B7E0035C7DC /* Application */,
				353ADB37265D8C3B0035C7DC /* Comments */,
				353ADB3B265D8E010035C7DC /* Supporting files */,
			);
			path = "MVC-N";
			sourceTree = "<group>";
		};
		353ADB33265D8AE60035C7DC /* Controller */ = {
			isa = PBXGroup;
			children = (
				353ADB1F265D89EF0035C7DC /* AppDelegate.swift */,
				353ADB21265D89EF0035C7DC /* SceneDelegate.swift */,
			);
			path = Controller;
			sourceTree = "<group>";
		};
		353ADB34265D8AF60035C7DC /* View */ = {
			isa = PBXGroup;
			children = (
				353ADB2A265D89F50035C7DC /* LaunchScreen.storyboard */,
			);
			path = View;
			sourceTree = "<group>";
		};
		353ADB35265D8B000035C7DC /* Model */ = {
			isa = PBXGroup;
			children = (
				353ADB49265EBD8E0035C7DC /* NetworkError.swift */,
			);
			path = Model;
			sourceTree = "<group>";
		};
		353ADB36265D8B7E0035C7DC /* Application */ = {
			isa = PBXGroup;
			children = (
				353ADB35265D8B000035C7DC /* Model */,
				353ADB34265D8AF60035C7DC /* View */,
				353ADB33265D8AE60035C7DC /* Controller */,
				353ADB40265EB64B0035C7DC /* NetworkService */,
			);
			path = Application;
			sourceTree = "<group>";
		};
		353ADB37265D8C3B0035C7DC /* Comments */ = {
			isa = PBXGroup;
			children = (
				353ADB3A265D8C9A0035C7DC /* Model */,
				353ADB39265D8C910035C7DC /* View */,
				353ADB38265D8C830035C7DC /* Controller */,
				353ADB43265EBBA50035C7DC /* CommentNetworkService */,
			);
			path = Comments;
			sourceTree = "<group>";
		};
		353ADB38265D8C830035C7DC /* Controller */ = {
			isa = PBXGroup;
			children = (
				353ADB23265D89EF0035C7DC /* CommentsViewController.swift */,
			);
			path = Controller;
			sourceTree = "<group>";
		};
		353ADB39265D8C910035C7DC /* View */ = {
			isa = PBXGroup;
			children = (
				353ADB25265D89EF0035C7DC /* Main.storyboard */,
				353ADB3C265EAF660035C7DC /* CommentCell.swift */,
			);
			path = View;
			sourceTree = "<group>";
		};
		353ADB3A265D8C9A0035C7DC /* Model */ = {
			isa = PBXGroup;
			children = (
				353ADB48265EBD210035C7DC /* Responses */,
				353ADB3E265EB3540035C7DC /* Comment.swift */,
			);
			path = Model;
			sourceTree = "<group>";
		};
		353ADB3B265D8E010035C7DC /* Supporting files */ = {
			isa = PBXGroup;
			children = (
				353ADB28265D89F50035C7DC /* Assets.xcassets */,
				353ADB2D265D89F50035C7DC /* Info.plist */,
			);
			path = "Supporting files";
			sourceTree = "<group>";
		};
		353ADB40265EB64B0035C7DC /* NetworkService */ = {
			isa = PBXGroup;
			children = (
				353ADB41265EB6640035C7DC /* NetworkService.swift */,
			);
			path = NetworkService;
			sourceTree = "<group>";
		};
		353ADB43265EBBA50035C7DC /* CommentNetworkService */ = {
			isa = PBXGroup;
			children = (
				353ADB44265EBBD30035C7DC /* CommentNetworkService.swift */,
			);
			path = CommentNetworkService;
			sourceTree = "<group>";
		};
		353ADB48265EBD210035C7DC /* Responses */ = {
			isa = PBXGroup;
			children = (
				353ADB46265EBCAF0035C7DC /* GetCommentResponse.swift */,
			);
			path = Responses;
			sourceTree = "<group>";
		};
/* End PBXGroup section */

/* Begin PBXNativeTarget section */
		353ADB1B265D89EF0035C7DC /* MVC-N */ = {
			isa = PBXNativeTarget;
			buildConfigurationList = 353ADB30265D89F50035C7DC /* Build configuration list for PBXNativeTarget "MVC-N" */;
			buildPhases = (
				353ADB18265D89EF0035C7DC /* Sources */,
				353ADB19265D89EF0035C7DC /* Frameworks */,
				353ADB1A265D89EF0035C7DC /* Resources */,
			);
			buildRules = (
			);
			dependencies = (
			);
			name = "MVC-N";
			productName = "MVC-N";
			productReference = 353ADB1C265D89EF0035C7DC /* MVC-N.app */;
			productType = "com.apple.product-type.application";
		};
/* End PBXNativeTarget section */

/* Begin PBXProject section */
		353ADB14265D89EE0035C7DC /* Project object */ = {
			isa = PBXProject;
			attributes = {
				LastSwiftUpdateCheck = 1250;
				LastUpgradeCheck = 1250;
				TargetAttributes = {
					353ADB1B265D89EF0035C7DC = {
						CreatedOnToolsVersion = 12.5;
					};
				};
			};
			buildConfigurationList = 353ADB17265D89EE0035C7DC /* Build configuration list for PBXProject "MVC-N" */;
			compatibilityVersion = "Xcode 9.3";
			developmentRegion = en;
			hasScannedForEncodings = 0;
			knownRegions = (
				en,
				Base,
			);
			mainGroup = 353ADB13265D89EE0035C7DC;
			productRefGroup = 353ADB1D265D89EF0035C7DC /* Products */;
			projectDirPath = "";
			projectRoot = "";
			targets = (
				353ADB1B265D89EF0035C7DC /* MVC-N */,
			);
		};
/* End PBXProject section */

/* Begin PBXResourcesBuildPhase section */
		353ADB1A265D89EF0035C7DC /* Resources */ = {
			isa = PBXResourcesBuildPhase;
			buildActionMask = 2147483647;
			files = (
				353ADB2C265D89F50035C7DC /* LaunchScreen.storyboard in Resources */,
				353ADB29265D89F50035C7DC /* Assets.xcassets in Resources */,
				353ADB27265D89EF0035C7DC /* Main.storyboard in Resources */,
			);
			runOnlyForDeploymentPostprocessing = 0;
		};
/* End PBXResourcesBuildPhase section */

/* Begin PBXSourcesBuildPhase section */
		353ADB18265D89EF0035C7DC /* Sources */ = {
			isa = PBXSourcesBuildPhase;
			buildActionMask = 2147483647;
			files = (
				353ADB3F265EB3540035C7DC /* Comment.swift in Sources */,
				353ADB24265D89EF0035C7DC /* CommentsViewController.swift in Sources */,
				353ADB3D265EAF660035C7DC /* CommentCell.swift in Sources */,
				353ADB20265D89EF0035C7DC /* AppDelegate.swift in Sources */,
				353ADB42265EB6640035C7DC /* NetworkService.swift in Sources */,
				353ADB47265EBCAF0035C7DC /* GetCommentResponse.swift in Sources */,
				353ADB4A265EBD8E0035C7DC /* NetworkError.swift in Sources */,
				353ADB22265D89EF0035C7DC /* SceneDelegate.swift in Sources */,
				353ADB45265EBBD40035C7DC /* CommentNetworkService.swift in Sources */,
			);
			runOnlyForDeploymentPostprocessing = 0;
		};
/* End PBXSourcesBuildPhase section */

/* Begin PBXVariantGroup section */
		353ADB25265D89EF0035C7DC /* Main.storyboard */ = {
			isa = PBXVariantGroup;
			children = (
				353ADB26265D89EF0035C7DC /* Base */,
			);
			name = Main.storyboard;
			sourceTree = "<group>";
		};
		353ADB2A265D89F50035C7DC /* LaunchScreen.storyboard */ = {
			isa = PBXVariantGroup;
			children = (
				353ADB2B265D89F50035C7DC /* Base */,
			);
			name = LaunchScreen.storyboard;
			sourceTree = "<group>";
		};
/* End PBXVariantGroup section */

/* Begin XCBuildConfiguration section */
		353ADB2E265D89F50035C7DC /* Debug */ = {
			isa = XCBuildConfiguration;
			buildSettings = {
				ALWAYS_SEARCH_USER_PATHS = NO;
				CLANG_ANALYZER_NONNULL = YES;
				CLANG_ANALYZER_NUMBER_OBJECT_CONVERSION = YES_AGGRESSIVE;
				CLANG_CXX_LANGUAGE_STANDARD = "gnu++14";
				CLANG_CXX_LIBRARY = "libc++";
				CLANG_ENABLE_MODULES = YES;
				CLANG_ENABLE_OBJC_ARC = YES;
				CLANG_ENABLE_OBJC_WEAK = YES;
				CLANG_WARN_BLOCK_CAPTURE_AUTORELEASING = YES;
				CLANG_WARN_BOOL_CONVERSION = YES;
				CLANG_WARN_COMMA = YES;
				CLANG_WARN_CONSTANT_CONVERSION = YES;
				CLANG_WARN_DEPRECATED_OBJC_IMPLEMENTATIONS = YES;
				CLANG_WARN_DIRECT_OBJC_ISA_USAGE = YES_ERROR;
				CLANG_WARN_DOCUMENTATION_COMMENTS = YES;
				CLANG_WARN_EMPTY_BODY = YES;
				CLANG_WARN_ENUM_CONVERSION = YES;
				CLANG_WARN_INFINITE_RECURSION = YES;
				CLANG_WARN_INT_CONVERSION = YES;
				CLANG_WARN_NON_LITERAL_NULL_CONVERSION = YES;
				CLANG_WARN_OBJC_IMPLICIT_RETAIN_SELF = YES;
				CLANG_WARN_OBJC_LITERAL_CONVERSION = YES;
				CLANG_WARN_OBJC_ROOT_CLASS = YES_ERROR;
				CLANG_WARN_QUOTED_INCLUDE_IN_FRAMEWORK_HEADER = YES;
				CLANG_WARN_RANGE_LOOP_ANALYSIS = YES;
				CLANG_WARN_STRICT_PROTOTYPES = YES;
				CLANG_WARN_SUSPICIOUS_MOVE = YES;
				CLANG_WARN_UNGUARDED_AVAILABILITY = YES_AGGRESSIVE;
				CLANG_WARN_UNREACHABLE_CODE = YES;
				CLANG_WARN__DUPLICATE_METHOD_MATCH = YES;
				COPY_PHASE_STRIP = NO;
				DEBUG_INFORMATION_FORMAT = dwarf;
				ENABLE_STRICT_OBJC_MSGSEND = YES;
				ENABLE_TESTABILITY = YES;
				GCC_C_LANGUAGE_STANDARD = gnu11;
				GCC_DYNAMIC_NO_PIC = NO;
				GCC_NO_COMMON_BLOCKS = YES;
				GCC_OPTIMIZATION_LEVEL = 0;
				GCC_PREPROCESSOR_DEFINITIONS = (
					"DEBUG=1",
					"$(inherited)",
				);
				GCC_WARN_64_TO_32_BIT_CONVERSION = YES;
				GCC_WARN_ABOUT_RETURN_TYPE = YES_ERROR;
				GCC_WARN_UNDECLARED_SELECTOR = YES;
				GCC_WARN_UNINITIALIZED_AUTOS = YES_AGGRESSIVE;
				GCC_WARN_UNUSED_FUNCTION = YES;
				GCC_WARN_UNUSED_VARIABLE = YES;
				IPHONEOS_DEPLOYMENT_TARGET = 14.5;
				MTL_ENABLE_DEBUG_INFO = INCLUDE_SOURCE;
				MTL_FAST_MATH = YES;
				ONLY_ACTIVE_ARCH = YES;
				SDKROOT = iphoneos;
				SWIFT_ACTIVE_COMPILATION_CONDITIONS = DEBUG;
				SWIFT_OPTIMIZATION_LEVEL = "-Onone";
			};
			name = Debug;
		};
		353ADB2F265D89F50035C7DC /* Release */ = {
			isa = XCBuildConfiguration;
			buildSettings = {
				ALWAYS_SEARCH_USER_PATHS = NO;
				CLANG_ANALYZER_NONNULL = YES;
				CLANG_ANALYZER_NUMBER_OBJECT_CONVERSION = YES_AGGRESSIVE;
				CLANG_CXX_LANGUAGE_STANDARD = "gnu++14";
				CLANG_CXX_LIBRARY = "libc++";
				CLANG_ENABLE_MODULES = YES;
				CLANG_ENABLE_OBJC_ARC = YES;
				CLANG_ENABLE_OBJC_WEAK = YES;
				CLANG_WARN_BLOCK_CAPTURE_AUTORELEASING = YES;
				CLANG_WARN_BOOL_CONVERSION = YES;
				CLANG_WARN_COMMA = YES;
				CLANG_WARN_CONSTANT_CONVERSION = YES;
				CLANG_WARN_DEPRECATED_OBJC_IMPLEMENTATIONS = YES;
				CLANG_WARN_DIRECT_OBJC_ISA_USAGE = YES_ERROR;
				CLANG_WARN_DOCUMENTATION_COMMENTS = YES;
				CLANG_WARN_EMPTY_BODY = YES;
				CLANG_WARN_ENUM_CONVERSION = YES;
				CLANG_WARN_INFINITE_RECURSION = YES;
				CLANG_WARN_INT_CONVERSION = YES;
				CLANG_WARN_NON_LITERAL_NULL_CONVERSION = YES;
				CLANG_WARN_OBJC_IMPLICIT_RETAIN_SELF = YES;
				CLANG_WARN_OBJC_LITERAL_CONVERSION = YES;
				CLANG_WARN_OBJC_ROOT_CLASS = YES_ERROR;
				CLANG_WARN_QUOTED_INCLUDE_IN_FRAMEWORK_HEADER = YES;
				CLANG_WARN_RANGE_LOOP_ANALYSIS = YES;
				CLANG_WARN_STRICT_PROTOTYPES = YES;
				CLANG_WARN_SUSPICIOUS_MOVE = YES;
				CLANG_WARN_UNGUARDED_AVAILABILITY = YES_AGGRESSIVE;
				CLANG_WARN_UNREACHABLE_CODE = YES;
				CLANG_WARN__DUPLICATE_METHOD_MATCH = YES;
				COPY_PHASE_STRIP = NO;
				DEBUG_INFORMATION_FORMAT = "dwarf-with-dsym";
				ENABLE_NS_ASSERTIONS = NO;
				ENABLE_STRICT_OBJC_MSGSEND = YES;
				GCC_C_LANGUAGE_STANDARD = gnu11;
				GCC_NO_COMMON_BLOCKS = YES;
				GCC_WARN_64_TO_32_BIT_CONVERSION = YES;
				GCC_WARN_ABOUT_RETURN_TYPE = YES_ERROR;
				GCC_WARN_UNDECLARED_SELECTOR = YES;
				GCC_WARN_UNINITIALIZED_AUTOS = YES_AGGRESSIVE;
				GCC_WARN_UNUSED_FUNCTION = YES;
				GCC_WARN_UNUSED_VARIABLE = YES;
				IPHONEOS_DEPLOYMENT_TARGET = 14.5;
				MTL_ENABLE_DEBUG_INFO = NO;
				MTL_FAST_MATH = YES;
				SDKROOT = iphoneos;
				SWIFT_COMPILATION_MODE = wholemodule;
				SWIFT_OPTIMIZATION_LEVEL = "-O";
				VALIDATE_PRODUCT = YES;
			};
			name = Release;
		};
		353ADB31265D89F50035C7DC /* Debug */ = {
			isa = XCBuildConfiguration;
			buildSettings = {
				ASSETCATALOG_COMPILER_APPICON_NAME = AppIcon;
				ASSETCATALOG_COMPILER_GLOBAL_ACCENT_COLOR_NAME = AccentColor;
				CODE_SIGN_STYLE = Automatic;
				DEVELOPMENT_TEAM = Q37PJY8G6K;
				INFOPLIST_FILE = "MVC-N/Supporting files/Info.plist";
				LD_RUNPATH_SEARCH_PATHS = (
					"$(inherited)",
					"@executable_path/Frameworks",
				);
				PRODUCT_BUNDLE_IDENTIFIER = "zhadaev.MVC-N";
				PRODUCT_NAME = "$(TARGET_NAME)";
				SWIFT_VERSION = 5.0;
				TARGETED_DEVICE_FAMILY = "1,2";
			};
			name = Debug;
		};
		353ADB32265D89F50035C7DC /* Release */ = {
			isa = XCBuildConfiguration;
			buildSettings = {
				ASSETCATALOG_COMPILER_APPICON_NAME = AppIcon;
				ASSETCATALOG_COMPILER_GLOBAL_ACCENT_COLOR_NAME = AccentColor;
				CODE_SIGN_STYLE = Automatic;
				DEVELOPMENT_TEAM = Q37PJY8G6K;
				INFOPLIST_FILE = "MVC-N/Supporting files/Info.plist";
				LD_RUNPATH_SEARCH_PATHS = (
					"$(inherited)",
					"@executable_path/Frameworks",
				);
				PRODUCT_BUNDLE_IDENTIFIER = "zhadaev.MVC-N";
				PRODUCT_NAME = "$(TARGET_NAME)";
				SWIFT_VERSION = 5.0;
				TARGETED_DEVICE_FAMILY = "1,2";
			};
			name = Release;
		};
/* End XCBuildConfiguration section */

/* Begin XCConfigurationList section */
		353ADB17265D89EE0035C7DC /* Build configuration list for PBXProject "MVC-N" */ = {
			isa = XCConfigurationList;
			buildConfigurations = (
				353ADB2E265D89F50035C7DC /* Debug */,
				353ADB2F265D89F50035C7DC /* Release */,
			);
			defaultConfigurationIsVisible = 0;
			defaultConfigurationName = Release;
		};
		353ADB30265D89F50035C7DC /* Build configuration list for PBXNativeTarget "MVC-N" */ = {
			isa = XCConfigurationList;
			buildConfigurations = (
				353ADB31265D89F50035C7DC /* Debug */,
				353ADB32265D89F50035C7DC /* Release */,
			);
			defaultConfigurationIsVisible = 0;
			defaultConfigurationName = Release;
		};
/* End XCConfigurationList section */
	};
	rootObject = 353ADB14265D89EE0035C7DC /* Project object */;
}
